
Microsoft Visual Studio Solution File, Format Version 12.00
# Visual Studio Version 17
VisualStudioVersion = 17.11.35303.130
MinimumVisualStudioVersion = 10.0.40219.1
Project("{9A19103F-16F7-4668-BE54-9A1E7A4F7556}") = "HReport", "HReport\HReport.csproj", "{AA5A0281-FAEC-4C62-94A0-02BE14DED52F}"
EndProject
Global
	GlobalSection(SolutionConfigurationPlatforms) = preSolution
		Debug|Any CPU = Debug|Any CPU
		Release|Any CPU = Release|Any CPU
	EndGlobalSection
	GlobalSection(ProjectConfigurationPlatforms) = postSolution
		{AA5A0281-FAEC-4C62-94A0-02BE14DED52F}.Debug|Any CPU.ActiveCfg = Debug|Any CPU
		{AA5A0281-FAEC-4C62-94A0-02BE14DED52F}.Debug|Any CPU.Build.0 = Debug|Any CPU
		{AA5A0281-FAEC-4C62-94A0-02BE14DED52F}.Release|Any CPU.ActiveCfg = Release|Any CPU
		{AA5A0281-FAEC-4C62-94A0-02BE14DED52F}.Release|Any CPU.Build.0 = Release|Any CPU
	EndGlobalSection
	GlobalSection(SolutionProperties) = preSolution
		HideSolutionNode = FALSE
	EndGlobalSection
	GlobalSection(ExtensibilityGlobals) = postSolution
		SolutionGuid = {F1F48525-8066-43B7-8775-8D23E03DB8E4}
	EndGlobalSection
EndGlobal
